// !$*UTF8*$!
{
	archiveVersion = 1;
	classes = {
	};
	objectVersion = 46;
	objects = {

/* Begin PBXBuildFile section */
		3B2262C11C8D143600EC5318 /* UserCell.swift in Sources */ = {isa = PBXBuildFile; fileRef = 3B2262C01C8D143600EC5318 /* UserCell.swift */; settings = {ASSET_TAGS = (); }; };
		3B41F8191C8D0F42005AFB94 /* AppDelegate.swift in Sources */ = {isa = PBXBuildFile; fileRef = 3B41F8181C8D0F42005AFB94 /* AppDelegate.swift */; };
		3B41F81B1C8D0F42005AFB94 /* ViewController.swift in Sources */ = {isa = PBXBuildFile; fileRef = 3B41F81A1C8D0F42005AFB94 /* ViewController.swift */; };
		3B41F81E1C8D0F42005AFB94 /* Main.storyboard in Resources */ = {isa = PBXBuildFile; fileRef = 3B41F81C1C8D0F42005AFB94 /* Main.storyboard */; };
		3B41F8201C8D0F42005AFB94 /* Assets.xcassets in Resources */ = {isa = PBXBuildFile; fileRef = 3B41F81F1C8D0F42005AFB94 /* Assets.xcassets */; };
		3B41F8231C8D0F42005AFB94 /* LaunchScreen.storyboard in Resources */ = {isa = PBXBuildFile; fileRef = 3B41F8211C8D0F42005AFB94 /* LaunchScreen.storyboard */; };
		3B41F82E1C8D0F42005AFB94 /* tableviewdemo_projectTests.swift in Sources */ = {isa = PBXBuildFile; fileRef = 3B41F82D1C8D0F42005AFB94 /* tableviewdemo_projectTests.swift */; };
/* End PBXBuildFile section */

/* Begin PBXContainerItemProxy section */
		3B41F82A1C8D0F42005AFB94 /* PBXContainerItemProxy */ = {
			isa = PBXContainerItemProxy;
			containerPortal = 3B41F80D1C8D0F42005AFB94 /* Project object */;
			proxyType = 1;
			remoteGlobalIDString = 3B41F8141C8D0F42005AFB94;
			remoteInfo = tableviewdemo_project;
		};
/* End PBXContainerItemProxy section */

/* Begin PBXFileReference section */
		3B2262C01C8D143600EC5318 /* UserCell.swift */ = {isa = PBXFileReference; fileEncoding = 4; lastKnownFileType = sourcecode.swift; path = UserCell.swift; sourceTree = "<group>"; };
		3B41F8151C8D0F42005AFB94 /* tableviewdemo_project.app */ = {isa = PBXFileReference; explicitFileType = wrapper.application; includeInIndex = 0; path = tableviewdemo_project.app; sourceTree = BUILT_PRODUCTS_DIR; };
		3B41F8181C8D0F42005AFB94 /* AppDelegate.swift */ = {isa = PBXFileReference; lastKnownFileType = sourcecode.swift; path = AppDelegate.swift; sourceTree = "<group>"; };
		3B41F81A1C8D0F42005AFB94 /* ViewController.swift */ = {isa = PBXFileReference; lastKnownFileType = sourcecode.swift; path = ViewController.swift; sourceTree = "<group>"; };
		3B41F81D1C8D0F42005AFB94 /* Base */ = {isa = PBXFileReference; lastKnownFileType = file.storyboard; name = Base; path = Base.lproj/Main.storyboard; sourceTree = "<group>"; };
		3B41F81F1C8D0F42005AFB94 /* Assets.xcassets */ = {isa = PBXFileReference; lastKnownFileType = folder.assetcatalog; path = Assets.xcassets; sourceTree = "<group>"; };
		3B41F8221C8D0F42005AFB94 /* Base */ = {isa = PBXFileReference; lastKnownFileType = file.storyboard; name = Base; path = Base.lproj/LaunchScreen.storyboard; sourceTree = "<group>"; };
		3B41F8241C8D0F42005AFB94 /* Info.plist */ = {isa = PBXFileReference; lastKnownFileType = text.plist.xml; path = Info.plist; sourceTree = "<group>"; };
		3B41F8291C8D0F42005AFB94 /* tableviewdemo_projectTests.xctest */ = {isa = PBXFileReference; explicitFileType = wrapper.cfbundle; includeInIndex = 0; path = tableviewdemo_projectTests.xctest; sourceTree = BUILT_PRODUCTS_DIR; };
		3B41F82D1C8D0F42005AFB94 /* tableviewdemo_projectTests.swift */ = {isa = PBXFileReference; lastKnownFileType = sourcecode.swift; path = tableviewdemo_projectTests.swift; sourceTree = "<group>"; };
		3B41F82F1C8D0F42005AFB94 /* Info.plist */ = {isa = PBXFileReference; lastKnownFileType = text.plist.xml; path = Info.plist; sourceTree = "<group>"; };
/* End PBXFileReference section */

/* Begin PBXFrameworksBuildPhase section */
		3B41F8121C8D0F42005AFB94 /* Frameworks */ = {
			isa = PBXFrameworksBuildPhase;
			buildActionMask = 2147483647;
			files = (
			);
			runOnlyForDeploymentPostprocessing = 0;
		};
		3B41F8261C8D0F42005AFB94 /* Frameworks */ = {
			isa = PBXFrameworksBuildPhase;
			buildActionMask = 2147483647;
			files = (
			);
			runOnlyForDeploymentPostprocessing = 0;
		};
/* End PBXFrameworksBuildPhase section */

/* Begin PBXGroup section */
		3B41F80C1C8D0F42005AFB94 = {
			isa = PBXGroup;
			children = (
				3B41F8171C8D0F42005AFB94 /* tableviewdemo_project */,
				3B41F82C1C8D0F42005AFB94 /* tableviewdemo_projectTests */,
				3B41F8161C8D0F42005AFB94 /* Products */,
			);
			sourceTree = "<group>";
		};
		3B41F8161C8D0F42005AFB94 /* Products */ = {
			isa = PBXGroup;
			children = (
				3B41F8151C8D0F42005AFB94 /* tableviewdemo_project.app */,
				3B41F8291C8D0F42005AFB94 /* tableviewdemo_projectTests.xctest */,
			);
			name = Products;
			sourceTree = "<group>";
		};
		3B41F8171C8D0F42005AFB94 /* tableviewdemo_project */ = {
			isa = PBXGroup;
			children = (
				3B41F8181C8D0F42005AFB94 /* AppDelegate.swift */,
				3B41F81A1C8D0F42005AFB94 /* ViewController.swift */,
				3B41F81C1C8D0F42005AFB94 /* Main.storyboard */,
				3B2262C01C8D143600EC5318 /* UserCell.swift */,
				3B41F81F1C8D0F42005AFB94 /* Assets.xcassets */,
				3B41F8211C8D0F42005AFB94 /* LaunchScreen.storyboard */,
				3B41F8241C8D0F42005AFB94 /* Info.plist */,
			);
			path = tableviewdemo_project;
			sourceTree = "<group>";
		};
		3B41F82C1C8D0F42005AFB94 /* tableviewdemo_projectTests */ = {
			isa = PBXGroup;
			children = (
				3B41F82D1C8D0F42005AFB94 /* tableviewdemo_projectTests.swift */,
				3B41F82F1C8D0F42005AFB94 /* Info.plist */,
			);
			path = tableviewdemo_projectTests;
			sourceTree = "<group>";
		};
/* End PBXGroup section */

/* Begin PBXNativeTarget section */
		3B41F8141C8D0F42005AFB94 /* tableviewdemo_project */ = {
			isa = PBXNativeTarget;
			buildConfigurationList = 3B41F8321C8D0F42005AFB94 /* Build configuration list for PBXNativeTarget "tableviewdemo_project" */;
			buildPhases = (
				3B41F8111C8D0F42005AFB94 /* Sources */,
				3B41F8121C8D0F42005AFB94 /* Frameworks */,
				3B41F8131C8D0F42005AFB94 /* Resources */,
			);
			buildRules = (
			);
			dependencies = (
			);
			name = tableviewdemo_project;
			productName = tableviewdemo_project;
			productReference = 3B41F8151C8D0F42005AFB94 /* tableviewdemo_project.app */;
			productType = "com.apple.product-type.application";
		};
		3B41F8281C8D0F42005AFB94 /* tableviewdemo_projectTests */ = {
			isa = PBXNativeTarget;
			buildConfigurationList = 3B41F8351C8D0F42005AFB94 /* Build configuration list for PBXNativeTarget "tableviewdemo_projectTests" */;
			buildPhases = (
				3B41F8251C8D0F42005AFB94 /* Sources */,
				3B41F8261C8D0F42005AFB94 /* Frameworks */,
				3B41F8271C8D0F42005AFB94 /* Resources */,
			);
			buildRules = (
			);
			dependencies = (
				3B41F82B1C8D0F42005AFB94 /* PBXTargetDependency */,
			);
			name = tableviewdemo_projectTests;
			productName = tableviewdemo_projectTests;
			productReference = 3B41F8291C8D0F42005AFB94 /* tableviewdemo_projectTests.xctest */;
			productType = "com.apple.product-type.bundle.unit-test";
		};
/* End PBXNativeTarget section */

/* Begin PBXProject section */
		3B41F80D1C8D0F42005AFB94 /* Project object */ = {
			isa = PBXProject;
			attributes = {
				LastUpgradeCheck = 0700;
				ORGANIZATIONNAME = "Michelle Venetucci Harvey";
				TargetAttributes = {
					3B41F8141C8D0F42005AFB94 = {
						CreatedOnToolsVersion = 7.0.1;
					};
					3B41F8281C8D0F42005AFB94 = {
						CreatedOnToolsVersion = 7.0.1;
						TestTargetID = 3B41F8141C8D0F42005AFB94;
					};
				};
			};
			buildConfigurationList = 3B41F8101C8D0F42005AFB94 /* Build configuration list for PBXProject "tableviewdemo_project" */;
			compatibilityVersion = "Xcode 3.2";
			developmentRegion = English;
			hasScannedForEncodings = 0;
			knownRegions = (
				en,
				Base,
			);
			mainGroup = 3B41F80C1C8D0F42005AFB94;
			productRefGroup = 3B41F8161C8D0F42005AFB94 /* Products */;
			projectDirPath = "";
			projectRoot = "";
			targets = (
				3B41F8141C8D0F42005AFB94 /* tableviewdemo_project */,
				3B41F8281C8D0F42005AFB94 /* tableviewdemo_projectTests */,
			);
		};
/* End PBXProject section */

/* Begin PBXResourcesBuildPhase section */
		3B41F8131C8D0F42005AFB94 /* Resources */ = {
			isa = PBXResourcesBuildPhase;
			buildActionMask = 2147483647;
			files = (
				3B41F8231C8D0F42005AFB94 /* LaunchScreen.storyboard in Resources */,
				3B41F8201C8D0F42005AFB94 /* Assets.xcassets in Resources */,
				3B41F81E1C8D0F42005AFB94 /* Main.storyboard in Resources */,
			);
			runOnlyForDeploymentPostprocessing = 0;
		};
		3B41F8271C8D0F42005AFB94 /* Resources */ = {
			isa = PBXResourcesBuildPhase;
			buildActionMask = 2147483647;
			files = (
			);
			runOnlyForDeploymentPostprocessing = 0;
		};
/* End PBXResourcesBuildPhase section */

/* Begin PBXSourcesBuildPhase section */
		3B41F8111C8D0F42005AFB94 /* Sources */ = {
			isa = PBXSourcesBuildPhase;
			buildActionMask = 2147483647;
			files = (
				3B41F81B1C8D0F42005AFB94 /* ViewController.swift in Sources */,
				3B41F8191C8D0F42005AFB94 /* AppDelegate.swift in Sources */,
				3B2262C11C8D143600EC5318 /* UserCell.swift in Sources */,
			);
			runOnlyForDeploymentPostprocessing = 0;
		};
		3B41F8251C8D0F42005AFB94 /* Sources */ = {
			isa = PBXSourcesBuildPhase;
			buildActionMask = 2147483647;
			files = (
				3B41F82E1C8D0F42005AFB94 /* tableviewdemo_projectTests.swift in Sources */,
			);
			runOnlyForDeploymentPostprocessing = 0;
		};
/* End PBXSourcesBuildPhase section */

/* Begin PBXTargetDependency section */
		3B41F82B1C8D0F42005AFB94 /* PBXTargetDependency */ = {
			isa = PBXTargetDependency;
			target = 3B41F8141C8D0F42005AFB94 /* tableviewdemo_project */;
			targetProxy = 3B41F82A1C8D0F42005AFB94 /* PBXContainerItemProxy */;
		};
/* End PBXTargetDependency section */

/* Begin PBXVariantGroup section */
		3B41F81C1C8D0F42005AFB94 /* Main.storyboard */ = {
			isa = PBXVariantGroup;
			children = (
				3B41F81D1C8D0F42005AFB94 /* Base */,
			);
			name = Main.storyboard;
			sourceTree = "<group>";
		};
		3B41F8211C8D0F42005AFB94 /* LaunchScreen.storyboard */ = {
			isa = PBXVariantGroup;
			children = (
				3B41F8221C8D0F42005AFB94 /* Base */,
			);
			name = LaunchScreen.storyboard;
			sourceTree = "<group>";
		};
/* End PBXVariantGroup section */

/* Begin XCBuildConfiguration section */
		3B41F8301C8D0F42005AFB94 /* Debug */ = {
			isa = XCBuildConfiguration;
			buildSettings = {
				ALWAYS_SEARCH_USER_PATHS = NO;
				CLANG_CXX_LANGUAGE_STANDARD = "gnu++0x";
				CLANG_CXX_LIBRARY = "libc++";
				CLANG_ENABLE_MODULES = YES;
				CLANG_ENABLE_OBJC_ARC = YES;
				CLANG_WARN_BOOL_CONVERSION = YES;
				CLANG_WARN_CONSTANT_CONVERSION = YES;
				CLANG_WARN_DIRECT_OBJC_ISA_USAGE = YES_ERROR;
				CLANG_WARN_EMPTY_BODY = YES;
				CLANG_WARN_ENUM_CONVERSION = YES;
				CLANG_WARN_INT_CONVERSION = YES;
				CLANG_WARN_OBJC_ROOT_CLASS = YES_ERROR;
				CLANG_WARN_UNREACHABLE_CODE = YES;
				CLANG_WARN__DUPLICATE_METHOD_MATCH = YES;
				"CODE_SIGN_IDENTITY[sdk=iphoneos*]" = "iPhone Developer";
				COPY_PHASE_STRIP = NO;
				DEBUG_INFORMATION_FORMAT = dwarf;
				ENABLE_STRICT_OBJC_MSGSEND = YES;
				ENABLE_TESTABILITY = YES;
				GCC_C_LANGUAGE_STANDARD = gnu99;
				GCC_DYNAMIC_NO_PIC = NO;
				GCC_NO_COMMON_BLOCKS = YES;
				GCC_OPTIMIZATION_LEVEL = 0;
				GCC_PREPROCESSOR_DEFINITIONS = (
					"DEBUG=1",
					"$(inherited)",
				);
				GCC_WARN_64_TO_32_BIT_CONVERSION = YES;
				GCC_WARN_ABOUT_RETURN_TYPE = YES_ERROR;
				GCC_WARN_UNDECLARED_SELECTOR = YES;
				GCC_WARN_UNINITIALIZED_AUTOS = YES_AGGRESSIVE;
				GCC_WARN_UNUSED_FUNCTION = YES;
				GCC_WARN_UNUSED_VARIABLE = YES;
				IPHONEOS_DEPLOYMENT_TARGET = 9.0;
				MTL_ENABLE_DEBUG_INFO = YES;
				ONLY_ACTIVE_ARCH = YES;
				SDKROOT = iphoneos;
				SWIFT_OPTIMIZATION_LEVEL = "-Onone";
				TARGETED_DEVICE_FAMILY = "1,2";
			};
			name = Debug;
		};
		3B41F8311C8D0F42005AFB94 /* Release */ = {
			isa = XCBuildConfiguration;
			buildSettings = {
				ALWAYS_SEARCH_USER_PATHS = NO;
				CLANG_CXX_LANGUAGE_STANDARD = "gnu++0x";
				CLANG_CXX_LIBRARY = "libc++";
				CLANG_ENABLE_MODULES = YES;
				CLANG_ENABLE_OBJC_ARC = YES;
				CLANG_WARN_BOOL_CONVERSION = YES;
				CLANG_WARN_CONSTANT_CONVERSION = YES;
				CLANG_WARN_DIRECT_OBJC_ISA_USAGE = YES_ERROR;
				CLANG_WARN_EMPTY_BODY = YES;
				CLANG_WARN_ENUM_CONVERSION = YES;
				CLANG_WARN_INT_CONVERSION = YES;
				CLANG_WARN_OBJC_ROOT_CLASS = YES_ERROR;
				CLANG_WARN_UNREACHABLE_CODE = YES;
				CLANG_WARN__DUPLICATE_METHOD_MATCH = YES;
				"CODE_SIGN_IDENTITY[sdk=iphoneos*]" = "iPhone Developer";
				COPY_PHASE_STRIP = NO;
				DEBUG_INFORMATION_FORMAT = "dwarf-with-dsym";
				ENABLE_NS_ASSERTIONS = NO;
				ENABLE_STRICT_OBJC_MSGSEND = YES;
				GCC_C_LANGUAGE_STANDARD = gnu99;
				GCC_NO_COMMON_BLOCKS = YES;
				GCC_WARN_64_TO_32_BIT_CONVERSION = YES;
				GCC_WARN_ABOUT_RETURN_TYPE = YES_ERROR;
				GCC_WARN_UNDECLARED_SELECTOR = YES;
				GCC_WARN_UNINITIALIZED_AUTOS = YES_AGGRESSIVE;
				GCC_WARN_UNUSED_FUNCTION = YES;
				GCC_WARN_UNUSED_VARIABLE = YES;
				IPHONEOS_DEPLOYMENT_TARGET = 9.0;
				MTL_ENABLE_DEBUG_INFO = NO;
				SDKROOT = iphoneos;
				TARGETED_DEVICE_FAMILY = "1,2";
				VALIDATE_PRODUCT = YES;
			};
			name = Release;
		};
		3B41F8331C8D0F42005AFB94 /* Debug */ = {
			isa = XCBuildConfiguration;
			buildSettings = {
				ASSETCATALOG_COMPILER_APPICON_NAME = AppIcon;
				INFOPLIST_FILE = tableviewdemo_project/Info.plist;
				LD_RUNPATH_SEARCH_PATHS = "$(inherited) @executable_path/Frameworks";
				PRODUCT_BUNDLE_IDENTIFIER = "venetescher.tableviewdemo-project";
				PRODUCT_NAME = "$(TARGET_NAME)";
			};
			name = Debug;
		};
		3B41F8341C8D0F42005AFB94 /* Release */ = {
			isa = XCBuildConfiguration;
			buildSettings = {
				ASSETCATALOG_COMPILER_APPICON_NAME = AppIcon;
				INFOPLIST_FILE = tableviewdemo_project/Info.plist;
				LD_RUNPATH_SEARCH_PATHS = "$(inherited) @executable_path/Frameworks";
				PRODUCT_BUNDLE_IDENTIFIER = "venetescher.tableviewdemo-project";
				PRODUCT_NAME = "$(TARGET_NAME)";
			};
			name = Release;
		};
		3B41F8361C8D0F42005AFB94 /* Debug */ = {
			isa = XCBuildConfiguration;
			buildSettings = {
				BUNDLE_LOADER = "$(TEST_HOST)";
				INFOPLIST_FILE = tableviewdemo_projectTests/Info.plist;
				LD_RUNPATH_SEARCH_PATHS = "$(inherited) @executable_path/Frameworks @loader_path/Frameworks";
				PRODUCT_BUNDLE_IDENTIFIER = "venetescher.tableviewdemo-projectTests";
				PRODUCT_NAME = "$(TARGET_NAME)";
				TEST_HOST = "$(BUILT_PRODUCTS_DIR)/tableviewdemo_project.app/tableviewdemo_project";
			};
			name = Debug;
		};
		3B41F8371C8D0F42005AFB94 /* Release */ = {
			isa = XCBuildConfiguration;
			buildSettings = {
				BUNDLE_LOADER = "$(TEST_HOST)";
				INFOPLIST_FILE = tableviewdemo_projectTests/Info.plist;
				LD_RUNPATH_SEARCH_PATHS = "$(inherited) @executable_path/Frameworks @loader_path/Frameworks";
				PRODUCT_BUNDLE_IDENTIFIER = "venetescher.tableviewdemo-projectTests";
				PRODUCT_NAME = "$(TARGET_NAME)";
				TEST_HOST = "$(BUILT_PRODUCTS_DIR)/tableviewdemo_project.app/tableviewdemo_project";
			};
			name = Release;
		};
/* End XCBuildConfiguration section */

/* Begin XCConfigurationList section */
		3B41F8101C8D0F42005AFB94 /* Build configuration list for PBXProject "tableviewdemo_project" */ = {
			isa = XCConfigurationList;
			buildConfigurations = (
				3B41F8301C8D0F42005AFB94 /* Debug */,
				3B41F8311C8D0F42005AFB94 /* Release */,
			);
			defaultConfigurationIsVisible = 0;
			defaultConfigurationName = Release;
		};
		3B41F8321C8D0F42005AFB94 /* Build configuration list for PBXNativeTarget "tableviewdemo_project" */ = {
			isa = XCConfigurationList;
			buildConfigurations = (
				3B41F8331C8D0F42005AFB94 /* Debug */,
				3B41F8341C8D0F42005AFB94 /* Release */,
			);
			defaultConfigurationIsVisible = 0;
			defaultConfigurationName = Release;
		};
		3B41F8351C8D0F42005AFB94 /* Build configuration list for PBXNativeTarget "tableviewdemo_projectTests" */ = {
			isa = XCConfigurationList;
			buildConfigurations = (
				3B41F8361C8D0F42005AFB94 /* Debug */,
				3B41F8371C8D0F42005AFB94 /* Release */,
			);
			defaultConfigurationIsVisible = 0;
			defaultConfigurationName = Release;
		};
/* End XCConfigurationList section */
	};
	rootObject = 3B41F80D1C8D0F42005AFB94 /* Project object */;
}
